// !$*UTF8*$!
{
	archiveVersion = 1;
	classes = {
	};
	objectVersion = 55;
	objects = {

/* Begin PBXBuildFile section */
		7916A50C28454B600032278F /* MovieNetwork.swift in Sources */ = {isa = PBXBuildFile; fileRef = 7916A50B28454B600032278F /* MovieNetwork.swift */; };
		7916A50E28454E620032278F /* Movie.swift in Sources */ = {isa = PBXBuildFile; fileRef = 7916A50D28454E620032278F /* Movie.swift */; };
		7916A511284588EB0032278F /* MovieAppData in Frameworks */ = {isa = PBXBuildFile; productRef = 7916A510284588EB0032278F /* MovieAppData */; };
		7916A5142846A25B0032278F /* MoviesDatabaseDataSource.swift in Sources */ = {isa = PBXBuildFile; fileRef = 7916A5132846A25B0032278F /* MoviesDatabaseDataSource.swift */; };
		7916A5162846A2760032278F /* MoviesNetworkDataSource..swift in Sources */ = {isa = PBXBuildFile; fileRef = 7916A5152846A2760032278F /* MoviesNetworkDataSource..swift */; };
		793F413027F205F5001850CC /* AppDelegate.swift in Sources */ = {isa = PBXBuildFile; fileRef = 793F412F27F205F5001850CC /* AppDelegate.swift */; };
		793F413227F205F5001850CC /* SceneDelegate.swift in Sources */ = {isa = PBXBuildFile; fileRef = 793F413127F205F5001850CC /* SceneDelegate.swift */; };
		793F413927F205F7001850CC /* Assets.xcassets in Resources */ = {isa = PBXBuildFile; fileRef = 793F413827F205F7001850CC /* Assets.xcassets */; };
		793F413C27F205F7001850CC /* LaunchScreen.storyboard in Resources */ = {isa = PBXBuildFile; fileRef = 793F413A27F205F7001850CC /* LaunchScreen.storyboard */; };
		793F414427F2068B001850CC /* InitialViewController.swift in Sources */ = {isa = PBXBuildFile; fileRef = 793F414327F2068B001850CC /* InitialViewController.swift */; };
		7940748E282411FB00BE69F9 /* TabBarController.swift in Sources */ = {isa = PBXBuildFile; fileRef = 7940748D282411FB00BE69F9 /* TabBarController.swift */; };
		79407490282421AF00BE69F9 /* FavoritesViewController.swift in Sources */ = {isa = PBXBuildFile; fileRef = 7940748F282421AF00BE69F9 /* FavoritesViewController.swift */; };
		7954F6DC27F3B0450082EC4E /* PureLayout in Frameworks */ = {isa = PBXBuildFile; productRef = 7954F6DB27F3B0450082EC4E /* PureLayout */; };
		795D176A28482227001CD65F /* MovieEntity+CoreDataClass.swift in Sources */ = {isa = PBXBuildFile; fileRef = 795D176428482227001CD65F /* MovieEntity+CoreDataClass.swift */; };
		795D176B28482227001CD65F /* MovieEntity+CoreDataProperties.swift in Sources */ = {isa = PBXBuildFile; fileRef = 795D176528482227001CD65F /* MovieEntity+CoreDataProperties.swift */; };
		795D176C28482227001CD65F /* MovieGenre+CoreDataClass.swift in Sources */ = {isa = PBXBuildFile; fileRef = 795D176628482227001CD65F /* MovieGenre+CoreDataClass.swift */; };
		795D176D28482227001CD65F /* MovieGenre+CoreDataProperties.swift in Sources */ = {isa = PBXBuildFile; fileRef = 795D176728482227001CD65F /* MovieGenre+CoreDataProperties.swift */; };
		795D176E28482227001CD65F /* MovieGroup+CoreDataClass.swift in Sources */ = {isa = PBXBuildFile; fileRef = 795D176828482227001CD65F /* MovieGroup+CoreDataClass.swift */; };
		795D176F28482227001CD65F /* MovieGroup+CoreDataProperties.swift in Sources */ = {isa = PBXBuildFile; fileRef = 795D176928482227001CD65F /* MovieGroup+CoreDataProperties.swift */; };
		7971AE90282568EE00B650D3 /* NetworkService.swift in Sources */ = {isa = PBXBuildFile; fileRef = 7971AE8F282568EE00B650D3 /* NetworkService.swift */; };
		798D9203284156AC00E9225D /* Model.xcdatamodeld in Sources */ = {isa = PBXBuildFile; fileRef = 798D9201284156AB00E9225D /* Model.xcdatamodeld */; };
		79A9BB652809F6F500A03C9A /* CustomCollectionViewCell.swift in Sources */ = {isa = PBXBuildFile; fileRef = 79A9BB642809F6F500A03C9A /* CustomCollectionViewCell.swift */; };
		79A9BB67280AC82800A03C9A /* CustomButton.swift in Sources */ = {isa = PBXBuildFile; fileRef = 79A9BB66280AC82800A03C9A /* CustomButton.swift */; };
		79A9BB69280ADDEC00A03C9A /* CustomLabel.swift in Sources */ = {isa = PBXBuildFile; fileRef = 79A9BB68280ADDEC00A03C9A /* CustomLabel.swift */; };
		79A9BB6B280AE03C00A03C9A /* FiltersStackView.swift in Sources */ = {isa = PBXBuildFile; fileRef = 79A9BB6A280AE03C00A03C9A /* FiltersStackView.swift */; };
		79A9BB6D280AE41500A03C9A /* MoviesCollectionView.swift in Sources */ = {isa = PBXBuildFile; fileRef = 79A9BB6C280AE41500A03C9A /* MoviesCollectionView.swift */; };
		79A9BB6F280AE65300A03C9A /* TitleStackView.swift in Sources */ = {isa = PBXBuildFile; fileRef = 79A9BB6E280AE65300A03C9A /* TitleStackView.swift */; };
		79A9BB71280B225000A03C9A /* MovieListViewController.swift in Sources */ = {isa = PBXBuildFile; fileRef = 79A9BB70280B225000A03C9A /* MovieListViewController.swift */; };
		79A9BB75280B6A8700A03C9A /* TableViewCell.swift in Sources */ = {isa = PBXBuildFile; fileRef = 79A9BB74280B6A8700A03C9A /* TableViewCell.swift */; };
		79E3720227F4BCFA00A61638 /* SnapKit in Frameworks */ = {isa = PBXBuildFile; productRef = 79E3720127F4BCFA00A61638 /* SnapKit */; };
		79EBA3C628022104009E5C9B /* SearchBarView.swift in Sources */ = {isa = PBXBuildFile; fileRef = 79EBA3C528022104009E5C9B /* SearchBarView.swift */; };
/* End PBXBuildFile section */

/* Begin PBXFileReference section */
		7916A50B28454B600032278F /* MovieNetwork.swift */ = {isa = PBXFileReference; lastKnownFileType = sourcecode.swift; path = MovieNetwork.swift; sourceTree = "<group>"; };
		7916A50D28454E620032278F /* Movie.swift */ = {isa = PBXFileReference; lastKnownFileType = sourcecode.swift; path = Movie.swift; sourceTree = "<group>"; };
		7916A5132846A25B0032278F /* MoviesDatabaseDataSource.swift */ = {isa = PBXFileReference; lastKnownFileType = sourcecode.swift; path = MoviesDatabaseDataSource.swift; sourceTree = "<group>"; };
		7916A5152846A2760032278F /* MoviesNetworkDataSource..swift */ = {isa = PBXFileReference; lastKnownFileType = sourcecode.swift; path = MoviesNetworkDataSource..swift; sourceTree = "<group>"; };
		793F412C27F205F5001850CC /* MovieApp.app */ = {isa = PBXFileReference; explicitFileType = wrapper.application; includeInIndex = 0; path = MovieApp.app; sourceTree = BUILT_PRODUCTS_DIR; };
		793F412F27F205F5001850CC /* AppDelegate.swift */ = {isa = PBXFileReference; lastKnownFileType = sourcecode.swift; path = AppDelegate.swift; sourceTree = "<group>"; };
		793F413127F205F5001850CC /* SceneDelegate.swift */ = {isa = PBXFileReference; lastKnownFileType = sourcecode.swift; path = SceneDelegate.swift; sourceTree = "<group>"; };
		793F413827F205F7001850CC /* Assets.xcassets */ = {isa = PBXFileReference; lastKnownFileType = folder.assetcatalog; path = Assets.xcassets; sourceTree = "<group>"; };
		793F413B27F205F7001850CC /* Base */ = {isa = PBXFileReference; lastKnownFileType = file.storyboard; name = Base; path = Base.lproj/LaunchScreen.storyboard; sourceTree = "<group>"; };
		793F413D27F205F7001850CC /* Info.plist */ = {isa = PBXFileReference; lastKnownFileType = text.plist.xml; path = Info.plist; sourceTree = "<group>"; };
		793F414327F2068B001850CC /* InitialViewController.swift */ = {isa = PBXFileReference; lastKnownFileType = sourcecode.swift; path = InitialViewController.swift; sourceTree = "<group>"; };
		7940748D282411FB00BE69F9 /* TabBarController.swift */ = {isa = PBXFileReference; lastKnownFileType = sourcecode.swift; path = TabBarController.swift; sourceTree = "<group>"; };
		7940748F282421AF00BE69F9 /* FavoritesViewController.swift */ = {isa = PBXFileReference; lastKnownFileType = sourcecode.swift; path = FavoritesViewController.swift; sourceTree = "<group>"; };
		795D176428482227001CD65F /* MovieEntity+CoreDataClass.swift */ = {isa = PBXFileReference; lastKnownFileType = sourcecode.swift; path = "MovieEntity+CoreDataClass.swift"; sourceTree = "<group>"; };
		795D176528482227001CD65F /* MovieEntity+CoreDataProperties.swift */ = {isa = PBXFileReference; lastKnownFileType = sourcecode.swift; path = "MovieEntity+CoreDataProperties.swift"; sourceTree = "<group>"; };
		795D176628482227001CD65F /* MovieGenre+CoreDataClass.swift */ = {isa = PBXFileReference; lastKnownFileType = sourcecode.swift; path = "MovieGenre+CoreDataClass.swift"; sourceTree = "<group>"; };
		795D176728482227001CD65F /* MovieGenre+CoreDataProperties.swift */ = {isa = PBXFileReference; lastKnownFileType = sourcecode.swift; path = "MovieGenre+CoreDataProperties.swift"; sourceTree = "<group>"; };
		795D176828482227001CD65F /* MovieGroup+CoreDataClass.swift */ = {isa = PBXFileReference; lastKnownFileType = sourcecode.swift; path = "MovieGroup+CoreDataClass.swift"; sourceTree = "<group>"; };
		795D176928482227001CD65F /* MovieGroup+CoreDataProperties.swift */ = {isa = PBXFileReference; lastKnownFileType = sourcecode.swift; path = "MovieGroup+CoreDataProperties.swift"; sourceTree = "<group>"; };
		7971AE8F282568EE00B650D3 /* NetworkService.swift */ = {isa = PBXFileReference; lastKnownFileType = sourcecode.swift; path = NetworkService.swift; sourceTree = "<group>"; };
		798D9202284156AB00E9225D /* Model.xcdatamodel */ = {isa = PBXFileReference; lastKnownFileType = wrapper.xcdatamodel; path = Model.xcdatamodel; sourceTree = "<group>"; };
		79A9BB642809F6F500A03C9A /* CustomCollectionViewCell.swift */ = {isa = PBXFileReference; lastKnownFileType = sourcecode.swift; path = CustomCollectionViewCell.swift; sourceTree = "<group>"; };
		79A9BB66280AC82800A03C9A /* CustomButton.swift */ = {isa = PBXFileReference; lastKnownFileType = sourcecode.swift; path = CustomButton.swift; sourceTree = "<group>"; };
		79A9BB68280ADDEC00A03C9A /* CustomLabel.swift */ = {isa = PBXFileReference; lastKnownFileType = sourcecode.swift; path = CustomLabel.swift; sourceTree = "<group>"; };
		79A9BB6A280AE03C00A03C9A /* FiltersStackView.swift */ = {isa = PBXFileReference; lastKnownFileType = sourcecode.swift; path = FiltersStackView.swift; sourceTree = "<group>"; };
		79A9BB6C280AE41500A03C9A /* MoviesCollectionView.swift */ = {isa = PBXFileReference; lastKnownFileType = sourcecode.swift; path = MoviesCollectionView.swift; sourceTree = "<group>"; };
		79A9BB6E280AE65300A03C9A /* TitleStackView.swift */ = {isa = PBXFileReference; lastKnownFileType = sourcecode.swift; path = TitleStackView.swift; sourceTree = "<group>"; };
		79A9BB70280B225000A03C9A /* MovieListViewController.swift */ = {isa = PBXFileReference; lastKnownFileType = sourcecode.swift; path = MovieListViewController.swift; sourceTree = "<group>"; };
		79A9BB74280B6A8700A03C9A /* TableViewCell.swift */ = {isa = PBXFileReference; lastKnownFileType = sourcecode.swift; path = TableViewCell.swift; sourceTree = "<group>"; };
		79EBA3C528022104009E5C9B /* SearchBarView.swift */ = {isa = PBXFileReference; lastKnownFileType = sourcecode.swift; path = SearchBarView.swift; sourceTree = "<group>"; };
/* End PBXFileReference section */

/* Begin PBXFrameworksBuildPhase section */
		793F412927F205F5001850CC /* Frameworks */ = {
			isa = PBXFrameworksBuildPhase;
			buildActionMask = 2147483647;
			files = (
				7954F6DC27F3B0450082EC4E /* PureLayout in Frameworks */,
				7916A511284588EB0032278F /* MovieAppData in Frameworks */,
				79E3720227F4BCFA00A61638 /* SnapKit in Frameworks */,
			);
			runOnlyForDeploymentPostprocessing = 0;
		};
/* End PBXFrameworksBuildPhase section */

/* Begin PBXGroup section */
		7916A5122846A2360032278F /* MovieRepository */ = {
			isa = PBXGroup;
			children = (
				798D9201284156AB00E9225D /* Model.xcdatamodeld */,
				795D176528482227001CD65F /* MovieEntity+CoreDataProperties.swift */,
				795D176828482227001CD65F /* MovieGroup+CoreDataClass.swift */,
				795D176728482227001CD65F /* MovieGenre+CoreDataProperties.swift */,
				795D176428482227001CD65F /* MovieEntity+CoreDataClass.swift */,
				795D176628482227001CD65F /* MovieGenre+CoreDataClass.swift */,
				795D176928482227001CD65F /* MovieGroup+CoreDataProperties.swift */,
				7916A5132846A25B0032278F /* MoviesDatabaseDataSource.swift */,
				7916A5152846A2760032278F /* MoviesNetworkDataSource..swift */,
			);
			path = MovieRepository;
			sourceTree = "<group>";
		};
		793F412327F205F5001850CC = {
			isa = PBXGroup;
			children = (
				793F412E27F205F5001850CC /* MovieApp */,
				793F412D27F205F5001850CC /* Products */,
			);
			sourceTree = "<group>";
		};
		793F412D27F205F5001850CC /* Products */ = {
			isa = PBXGroup;
			children = (
				793F412C27F205F5001850CC /* MovieApp.app */,
			);
			name = Products;
			sourceTree = "<group>";
		};
		793F412E27F205F5001850CC /* MovieApp */ = {
			isa = PBXGroup;
			children = (
				7916A5122846A2360032278F /* MovieRepository */,
				793F412F27F205F5001850CC /* AppDelegate.swift */,
				793F413127F205F5001850CC /* SceneDelegate.swift */,
				793F413827F205F7001850CC /* Assets.xcassets */,
				793F413A27F205F7001850CC /* LaunchScreen.storyboard */,
				793F413D27F205F7001850CC /* Info.plist */,
				79A9BB66280AC82800A03C9A /* CustomButton.swift */,
				79A9BB642809F6F500A03C9A /* CustomCollectionViewCell.swift */,
				79A9BB68280ADDEC00A03C9A /* CustomLabel.swift */,
				79A9BB6A280AE03C00A03C9A /* FiltersStackView.swift */,
				79A9BB6C280AE41500A03C9A /* MoviesCollectionView.swift */,
				793F414327F2068B001850CC /* InitialViewController.swift */,
				79A9BB70280B225000A03C9A /* MovieListViewController.swift */,
				79EBA3C528022104009E5C9B /* SearchBarView.swift */,
				79A9BB6E280AE65300A03C9A /* TitleStackView.swift */,
				79A9BB74280B6A8700A03C9A /* TableViewCell.swift */,
				7940748D282411FB00BE69F9 /* TabBarController.swift */,
				7940748F282421AF00BE69F9 /* FavoritesViewController.swift */,
				7971AE8F282568EE00B650D3 /* NetworkService.swift */,
				7916A50B28454B600032278F /* MovieNetwork.swift */,
				7916A50D28454E620032278F /* Movie.swift */,
			);
			path = MovieApp;
			sourceTree = "<group>";
		};
/* End PBXGroup section */

/* Begin PBXNativeTarget section */
		793F412B27F205F5001850CC /* MovieApp */ = {
			isa = PBXNativeTarget;
			buildConfigurationList = 793F414027F205F7001850CC /* Build configuration list for PBXNativeTarget "MovieApp" */;
			buildPhases = (
				793F412827F205F5001850CC /* Sources */,
				793F412927F205F5001850CC /* Frameworks */,
				793F412A27F205F5001850CC /* Resources */,
			);
			buildRules = (
			);
			dependencies = (
			);
			name = MovieApp;
			packageProductDependencies = (
				7954F6DB27F3B0450082EC4E /* PureLayout */,
				79E3720127F4BCFA00A61638 /* SnapKit */,
				7916A510284588EB0032278F /* MovieAppData */,
			);
			productName = MovieApp;
			productReference = 793F412C27F205F5001850CC /* MovieApp.app */;
			productType = "com.apple.product-type.application";
		};
/* End PBXNativeTarget section */

/* Begin PBXProject section */
		793F412427F205F5001850CC /* Project object */ = {
			isa = PBXProject;
			attributes = {
				BuildIndependentTargetsInParallel = 1;
				LastSwiftUpdateCheck = 1320;
				LastUpgradeCheck = 1320;
				TargetAttributes = {
					793F412B27F205F5001850CC = {
						CreatedOnToolsVersion = 13.2.1;
					};
				};
			};
			buildConfigurationList = 793F412727F205F5001850CC /* Build configuration list for PBXProject "MovieApp" */;
			compatibilityVersion = "Xcode 13.0";
			developmentRegion = en;
			hasScannedForEncodings = 0;
			knownRegions = (
				en,
				Base,
			);
			mainGroup = 793F412327F205F5001850CC;
			packageReferences = (
				7954F6DA27F3B0450082EC4E /* XCRemoteSwiftPackageReference "PureLayout" */,
				79E3720027F4BCFA00A61638 /* XCRemoteSwiftPackageReference "SnapKit" */,
				7916A50F284588EB0032278F /* XCRemoteSwiftPackageReference "MovieAppData" */,
			);
			productRefGroup = 793F412D27F205F5001850CC /* Products */;
			projectDirPath = "";
			projectRoot = "";
			targets = (
				793F412B27F205F5001850CC /* MovieApp */,
			);
		};
/* End PBXProject section */

/* Begin PBXResourcesBuildPhase section */
		793F412A27F205F5001850CC /* Resources */ = {
			isa = PBXResourcesBuildPhase;
			buildActionMask = 2147483647;
			files = (
				793F413C27F205F7001850CC /* LaunchScreen.storyboard in Resources */,
				793F413927F205F7001850CC /* Assets.xcassets in Resources */,
			);
			runOnlyForDeploymentPostprocessing = 0;
		};
/* End PBXResourcesBuildPhase section */

/* Begin PBXSourcesBuildPhase section */
		793F412827F205F5001850CC /* Sources */ = {
			isa = PBXSourcesBuildPhase;
			buildActionMask = 2147483647;
			files = (
				79A9BB75280B6A8700A03C9A /* TableViewCell.swift in Sources */,
				795D176B28482227001CD65F /* MovieEntity+CoreDataProperties.swift in Sources */,
				795D176F28482227001CD65F /* MovieGroup+CoreDataProperties.swift in Sources */,
				795D176D28482227001CD65F /* MovieGenre+CoreDataProperties.swift in Sources */,
				795D176C28482227001CD65F /* MovieGenre+CoreDataClass.swift in Sources */,
				7940748E282411FB00BE69F9 /* TabBarController.swift in Sources */,
				7916A50E28454E620032278F /* Movie.swift in Sources */,
				79407490282421AF00BE69F9 /* FavoritesViewController.swift in Sources */,
				79EBA3C628022104009E5C9B /* SearchBarView.swift in Sources */,
				79A9BB69280ADDEC00A03C9A /* CustomLabel.swift in Sources */,
				79A9BB652809F6F500A03C9A /* CustomCollectionViewCell.swift in Sources */,
				7916A50C28454B600032278F /* MovieNetwork.swift in Sources */,
				79A9BB6B280AE03C00A03C9A /* FiltersStackView.swift in Sources */,
				79A9BB71280B225000A03C9A /* MovieListViewController.swift in Sources */,
				795D176E28482227001CD65F /* MovieGroup+CoreDataClass.swift in Sources */,
				793F414427F2068B001850CC /* InitialViewController.swift in Sources */,
				793F413027F205F5001850CC /* AppDelegate.swift in Sources */,
				7971AE90282568EE00B650D3 /* NetworkService.swift in Sources */,
				798D9203284156AC00E9225D /* Model.xcdatamodeld in Sources */,
				79A9BB67280AC82800A03C9A /* CustomButton.swift in Sources */,
				7916A5162846A2760032278F /* MoviesNetworkDataSource..swift in Sources */,
				7916A5142846A25B0032278F /* MoviesDatabaseDataSource.swift in Sources */,
				793F413227F205F5001850CC /* SceneDelegate.swift in Sources */,
				79A9BB6D280AE41500A03C9A /* MoviesCollectionView.swift in Sources */,
				795D176A28482227001CD65F /* MovieEntity+CoreDataClass.swift in Sources */,
				79A9BB6F280AE65300A03C9A /* TitleStackView.swift in Sources */,
			);
			runOnlyForDeploymentPostprocessing = 0;
		};
/* End PBXSourcesBuildPhase section */

/* Begin PBXVariantGroup section */
		793F413A27F205F7001850CC /* LaunchScreen.storyboard */ = {
			isa = PBXVariantGroup;
			children = (
				793F413B27F205F7001850CC /* Base */,
			);
			name = LaunchScreen.storyboard;
			sourceTree = "<group>";
		};
/* End PBXVariantGroup section */

/* Begin XCBuildConfiguration section */
		793F413E27F205F7001850CC /* Debug */ = {
			isa = XCBuildConfiguration;
			buildSettings = {
				ALWAYS_SEARCH_USER_PATHS = NO;
				CLANG_ANALYZER_NONNULL = YES;
				CLANG_ANALYZER_NUMBER_OBJECT_CONVERSION = YES_AGGRESSIVE;
				CLANG_CXX_LANGUAGE_STANDARD = "gnu++17";
				CLANG_CXX_LIBRARY = "libc++";
				CLANG_ENABLE_MODULES = YES;
				CLANG_ENABLE_OBJC_ARC = YES;
				CLANG_ENABLE_OBJC_WEAK = YES;
				CLANG_WARN_BLOCK_CAPTURE_AUTORELEASING = YES;
				CLANG_WARN_BOOL_CONVERSION = YES;
				CLANG_WARN_COMMA = YES;
				CLANG_WARN_CONSTANT_CONVERSION = YES;
				CLANG_WARN_DEPRECATED_OBJC_IMPLEMENTATIONS = YES;
				CLANG_WARN_DIRECT_OBJC_ISA_USAGE = YES_ERROR;
				CLANG_WARN_DOCUMENTATION_COMMENTS = YES;
				CLANG_WARN_EMPTY_BODY = YES;
				CLANG_WARN_ENUM_CONVERSION = YES;
				CLANG_WARN_INFINITE_RECURSION = YES;
				CLANG_WARN_INT_CONVERSION = YES;
				CLANG_WARN_NON_LITERAL_NULL_CONVERSION = YES;
				CLANG_WARN_OBJC_IMPLICIT_RETAIN_SELF = YES;
				CLANG_WARN_OBJC_LITERAL_CONVERSION = YES;
				CLANG_WARN_OBJC_ROOT_CLASS = YES_ERROR;
				CLANG_WARN_QUOTED_INCLUDE_IN_FRAMEWORK_HEADER = YES;
				CLANG_WARN_RANGE_LOOP_ANALYSIS = YES;
				CLANG_WARN_STRICT_PROTOTYPES = YES;
				CLANG_WARN_SUSPICIOUS_MOVE = YES;
				CLANG_WARN_UNGUARDED_AVAILABILITY = YES_AGGRESSIVE;
				CLANG_WARN_UNREACHABLE_CODE = YES;
				CLANG_WARN__DUPLICATE_METHOD_MATCH = YES;
				COPY_PHASE_STRIP = NO;
				DEBUG_INFORMATION_FORMAT = dwarf;
				ENABLE_STRICT_OBJC_MSGSEND = YES;
				ENABLE_TESTABILITY = YES;
				GCC_C_LANGUAGE_STANDARD = gnu11;
				GCC_DYNAMIC_NO_PIC = NO;
				GCC_NO_COMMON_BLOCKS = YES;
				GCC_OPTIMIZATION_LEVEL = 0;
				GCC_PREPROCESSOR_DEFINITIONS = (
					"DEBUG=1",
					"$(inherited)",
				);
				GCC_WARN_64_TO_32_BIT_CONVERSION = YES;
				GCC_WARN_ABOUT_RETURN_TYPE = YES_ERROR;
				GCC_WARN_UNDECLARED_SELECTOR = YES;
				GCC_WARN_UNINITIALIZED_AUTOS = YES_AGGRESSIVE;
				GCC_WARN_UNUSED_FUNCTION = YES;
				GCC_WARN_UNUSED_VARIABLE = YES;
				IPHONEOS_DEPLOYMENT_TARGET = 15.2;
				MTL_ENABLE_DEBUG_INFO = INCLUDE_SOURCE;
				MTL_FAST_MATH = YES;
				ONLY_ACTIVE_ARCH = YES;
				SDKROOT = iphoneos;
				SWIFT_ACTIVE_COMPILATION_CONDITIONS = DEBUG;
				SWIFT_OPTIMIZATION_LEVEL = "-Onone";
			};
			name = Debug;
		};
		793F413F27F205F7001850CC /* Release */ = {
			isa = XCBuildConfiguration;
			buildSettings = {
				ALWAYS_SEARCH_USER_PATHS = NO;
				CLANG_ANALYZER_NONNULL = YES;
				CLANG_ANALYZER_NUMBER_OBJECT_CONVERSION = YES_AGGRESSIVE;
				CLANG_CXX_LANGUAGE_STANDARD = "gnu++17";
				CLANG_CXX_LIBRARY = "libc++";
				CLANG_ENABLE_MODULES = YES;
				CLANG_ENABLE_OBJC_ARC = YES;
				CLANG_ENABLE_OBJC_WEAK = YES;
				CLANG_WARN_BLOCK_CAPTURE_AUTORELEASING = YES;
				CLANG_WARN_BOOL_CONVERSION = YES;
				CLANG_WARN_COMMA = YES;
				CLANG_WARN_CONSTANT_CONVERSION = YES;
				CLANG_WARN_DEPRECATED_OBJC_IMPLEMENTATIONS = YES;
				CLANG_WARN_DIRECT_OBJC_ISA_USAGE = YES_ERROR;
				CLANG_WARN_DOCUMENTATION_COMMENTS = YES;
				CLANG_WARN_EMPTY_BODY = YES;
				CLANG_WARN_ENUM_CONVERSION = YES;
				CLANG_WARN_INFINITE_RECURSION = YES;
				CLANG_WARN_INT_CONVERSION = YES;
				CLANG_WARN_NON_LITERAL_NULL_CONVERSION = YES;
				CLANG_WARN_OBJC_IMPLICIT_RETAIN_SELF = YES;
				CLANG_WARN_OBJC_LITERAL_CONVERSION = YES;
				CLANG_WARN_OBJC_ROOT_CLASS = YES_ERROR;
				CLANG_WARN_QUOTED_INCLUDE_IN_FRAMEWORK_HEADER = YES;
				CLANG_WARN_RANGE_LOOP_ANALYSIS = YES;
				CLANG_WARN_STRICT_PROTOTYPES = YES;
				CLANG_WARN_SUSPICIOUS_MOVE = YES;
				CLANG_WARN_UNGUARDED_AVAILABILITY = YES_AGGRESSIVE;
				CLANG_WARN_UNREACHABLE_CODE = YES;
				CLANG_WARN__DUPLICATE_METHOD_MATCH = YES;
				COPY_PHASE_STRIP = NO;
				DEBUG_INFORMATION_FORMAT = "dwarf-with-dsym";
				ENABLE_NS_ASSERTIONS = NO;
				ENABLE_STRICT_OBJC_MSGSEND = YES;
				GCC_C_LANGUAGE_STANDARD = gnu11;
				GCC_NO_COMMON_BLOCKS = YES;
				GCC_WARN_64_TO_32_BIT_CONVERSION = YES;
				GCC_WARN_ABOUT_RETURN_TYPE = YES_ERROR;
				GCC_WARN_UNDECLARED_SELECTOR = YES;
				GCC_WARN_UNINITIALIZED_AUTOS = YES_AGGRESSIVE;
				GCC_WARN_UNUSED_FUNCTION = YES;
				GCC_WARN_UNUSED_VARIABLE = YES;
				IPHONEOS_DEPLOYMENT_TARGET = 15.2;
				MTL_ENABLE_DEBUG_INFO = NO;
				MTL_FAST_MATH = YES;
				SDKROOT = iphoneos;
				SWIFT_COMPILATION_MODE = wholemodule;
				SWIFT_OPTIMIZATION_LEVEL = "-O";
				VALIDATE_PRODUCT = YES;
			};
			name = Release;
		};
		793F414127F205F7001850CC /* Debug */ = {
			isa = XCBuildConfiguration;
			buildSettings = {
				ASSETCATALOG_COMPILER_APPICON_NAME = AppIcon;
				ASSETCATALOG_COMPILER_GLOBAL_ACCENT_COLOR_NAME = AccentColor;
				CODE_SIGN_STYLE = Automatic;
				CURRENT_PROJECT_VERSION = 1;
				GENERATE_INFOPLIST_FILE = YES;
				INFOPLIST_FILE = MovieApp/Info.plist;
				INFOPLIST_KEY_UIApplicationSupportsIndirectInputEvents = YES;
				INFOPLIST_KEY_UILaunchStoryboardName = LaunchScreen;
				INFOPLIST_KEY_UISupportedInterfaceOrientations_iPad = "UIInterfaceOrientationPortrait UIInterfaceOrientationPortraitUpsideDown UIInterfaceOrientationLandscapeLeft UIInterfaceOrientationLandscapeRight";
				INFOPLIST_KEY_UISupportedInterfaceOrientations_iPhone = "UIInterfaceOrientationPortrait UIInterfaceOrientationLandscapeLeft UIInterfaceOrientationLandscapeRight";
				LD_RUNPATH_SEARCH_PATHS = (
					"$(inherited)",
					"@executable_path/Frameworks",
				);
				MARKETING_VERSION = 1.0;
				PRODUCT_BUNDLE_IDENTIFIER = hr.fer.ljubotina.petar.MovieApp;
				PRODUCT_NAME = "$(TARGET_NAME)";
				SWIFT_EMIT_LOC_STRINGS = YES;
				SWIFT_VERSION = 5.0;
				TARGETED_DEVICE_FAMILY = "1,2";
			};
			name = Debug;
		};
		793F414227F205F7001850CC /* Release */ = {
			isa = XCBuildConfiguration;
			buildSettings = {
				ASSETCATALOG_COMPILER_APPICON_NAME = AppIcon;
				ASSETCATALOG_COMPILER_GLOBAL_ACCENT_COLOR_NAME = AccentColor;
				CODE_SIGN_STYLE = Automatic;
				CURRENT_PROJECT_VERSION = 1;
				GENERATE_INFOPLIST_FILE = YES;
				INFOPLIST_FILE = MovieApp/Info.plist;
				INFOPLIST_KEY_UIApplicationSupportsIndirectInputEvents = YES;
				INFOPLIST_KEY_UILaunchStoryboardName = LaunchScreen;
				INFOPLIST_KEY_UISupportedInterfaceOrientations_iPad = "UIInterfaceOrientationPortrait UIInterfaceOrientationPortraitUpsideDown UIInterfaceOrientationLandscapeLeft UIInterfaceOrientationLandscapeRight";
				INFOPLIST_KEY_UISupportedInterfaceOrientations_iPhone = "UIInterfaceOrientationPortrait UIInterfaceOrientationLandscapeLeft UIInterfaceOrientationLandscapeRight";
				LD_RUNPATH_SEARCH_PATHS = (
					"$(inherited)",
					"@executable_path/Frameworks",
				);
				MARKETING_VERSION = 1.0;
				PRODUCT_BUNDLE_IDENTIFIER = hr.fer.ljubotina.petar.MovieApp;
				PRODUCT_NAME = "$(TARGET_NAME)";
				SWIFT_EMIT_LOC_STRINGS = YES;
				SWIFT_VERSION = 5.0;
				TARGETED_DEVICE_FAMILY = "1,2";
			};
			name = Release;
		};
/* End XCBuildConfiguration section */

/* Begin XCConfigurationList section */
		793F412727F205F5001850CC /* Build configuration list for PBXProject "MovieApp" */ = {
			isa = XCConfigurationList;
			buildConfigurations = (
				793F413E27F205F7001850CC /* Debug */,
				793F413F27F205F7001850CC /* Release */,
			);
			defaultConfigurationIsVisible = 0;
			defaultConfigurationName = Release;
		};
		793F414027F205F7001850CC /* Build configuration list for PBXNativeTarget "MovieApp" */ = {
			isa = XCConfigurationList;
			buildConfigurations = (
				793F414127F205F7001850CC /* Debug */,
				793F414227F205F7001850CC /* Release */,
			);
			defaultConfigurationIsVisible = 0;
			defaultConfigurationName = Release;
		};
/* End XCConfigurationList section */

/* Begin XCRemoteSwiftPackageReference section */
		7916A50F284588EB0032278F /* XCRemoteSwiftPackageReference "MovieAppData" */ = {
			isa = XCRemoteSwiftPackageReference;
			repositoryURL = "https://github.com/fiveagency/MovieAppData.git";
			requirement = {
				kind = upToNextMajorVersion;
				minimumVersion = 1.0.0;
			};
		};
		7954F6DA27F3B0450082EC4E /* XCRemoteSwiftPackageReference "PureLayout" */ = {
			isa = XCRemoteSwiftPackageReference;
			repositoryURL = "https://github.com/PureLayout/PureLayout.git";
			requirement = {
				kind = upToNextMajorVersion;
				minimumVersion = 3.0.0;
			};
		};
		79E3720027F4BCFA00A61638 /* XCRemoteSwiftPackageReference "SnapKit" */ = {
			isa = XCRemoteSwiftPackageReference;
			repositoryURL = "https://github.com/SnapKit/SnapKit.git";
			requirement = {
				kind = upToNextMajorVersion;
				minimumVersion = 5.0.0;
			};
		};
/* End XCRemoteSwiftPackageReference section */

/* Begin XCSwiftPackageProductDependency section */
		7916A510284588EB0032278F /* MovieAppData */ = {
			isa = XCSwiftPackageProductDependency;
			package = 7916A50F284588EB0032278F /* XCRemoteSwiftPackageReference "MovieAppData" */;
			productName = MovieAppData;
		};
		7954F6DB27F3B0450082EC4E /* PureLayout */ = {
			isa = XCSwiftPackageProductDependency;
			package = 7954F6DA27F3B0450082EC4E /* XCRemoteSwiftPackageReference "PureLayout" */;
			productName = PureLayout;
		};
		79E3720127F4BCFA00A61638 /* SnapKit */ = {
			isa = XCSwiftPackageProductDependency;
			package = 79E3720027F4BCFA00A61638 /* XCRemoteSwiftPackageReference "SnapKit" */;
			productName = SnapKit;
		};
/* End XCSwiftPackageProductDependency section */

/* Begin XCVersionGroup section */
		798D9201284156AB00E9225D /* Model.xcdatamodeld */ = {
			isa = XCVersionGroup;
			children = (
				798D9202284156AB00E9225D /* Model.xcdatamodel */,
			);
			currentVersion = 798D9202284156AB00E9225D /* Model.xcdatamodel */;
			path = Model.xcdatamodeld;
			sourceTree = "<group>";
			versionGroupType = wrapper.xcdatamodel;
		};
/* End XCVersionGroup section */
	};
	rootObject = 793F412427F205F5001850CC /* Project object */;
}
